
Microsoft Visual Studio Solution File, Format Version 12.00
# Visual Studio Version 17
VisualStudioVersion = 17.5.33530.505
MinimumVisualStudioVersion = 10.0.40219.1
Project("{8BC9CEB8-8B4A-11D0-8D11-00A0C91BC942}") = "File_Open_and_Write", "File_Open_and_Write\File_Open_and_Write.vcxproj", "{7B00DC3D-7977-4490-AA1E-9E0B6A7D3444}"
EndProject
Global
	GlobalSection(SolutionConfigurationPlatforms) = preSolution
		Debug|x64 = Debug|x64
		Debug|x86 = Debug|x86
		Release|x64 = Release|x64
		Release|x86 = Release|x86
	EndGlobalSection
	GlobalSection(ProjectConfigurationPlatforms) = postSolution
		{7B00DC3D-7977-4490-AA1E-9E0B6A7D3444}.Debug|x64.ActiveCfg = Debug|x64
		{7B00DC3D-7977-4490-AA1E-9E0B6A7D3444}.Debug|x64.Build.0 = Debug|x64
		{7B00DC3D-7977-4490-AA1E-9E0B6A7D3444}.Debug|x86.ActiveCfg = Debug|Win32
		{7B00DC3D-7977-4490-AA1E-9E0B6A7D3444}.Debug|x86.Build.0 = Debug|Win32
		{7B00DC3D-7977-4490-AA1E-9E0B6A7D3444}.Release|x64.ActiveCfg = Release|x64
		{7B00DC3D-7977-4490-AA1E-9E0B6A7D3444}.Release|x64.Build.0 = Release|x64
		{7B00DC3D-7977-4490-AA1E-9E0B6A7D3444}.Release|x86.ActiveCfg = Release|Win32
		{7B00DC3D-7977-4490-AA1E-9E0B6A7D3444}.Release|x86.Build.0 = Release|Win32
	EndGlobalSection
	GlobalSection(SolutionProperties) = preSolution
		HideSolutionNode = FALSE
	EndGlobalSection
	GlobalSection(ExtensibilityGlobals) = postSolution
		SolutionGuid = {E70FFD5B-4C85-4E6F-B4A3-D60B14C9867E}
	EndGlobalSection
EndGlobal
